
Microsoft Visual Studio Solution File, Format Version 12.00
# Visual Studio 15
VisualStudioVersion = 15.0.27004.2005
MinimumVisualStudioVersion = 10.0.40219.1
Project("{FAE04EC0-301F-11D3-BF4B-00C04F79EFBC}") = "AspNetCoreMultitenantMicroservicesArchitecture.UI", "AspNetCoreMultitenantMicroservicesArchitecture\AspNetCoreMultitenantMicroservicesArchitecture.UI.csproj", "{524A1ABC-D6A1-4FDE-9BAD-DEA27904A51C}"
EndProject
Project("{FAE04EC0-301F-11D3-BF4B-00C04F79EFBC}") = "Tenant1Service", "Tenant1Service\Tenant1Service.csproj", "{606D051C-CC24-4CB4-9ED6-8EE44B799116}"
EndProject
Project("{FAE04EC0-301F-11D3-BF4B-00C04F79EFBC}") = "Tenant2Service", "Tenant2Service\Tenant2Service.csproj", "{DE2EF773-0AAF-4E7A-9D38-DE344D93B7FA}"
EndProject
Project("{FAE04EC0-301F-11D3-BF4B-00C04F79EFBC}") = "DefaultService", "DefaultService\DefaultService.csproj", "{4CDC8811-D2FA-4CEF-8A81-E41819A95C32}"
EndProject
Global
	GlobalSection(SolutionConfigurationPlatforms) = preSolution
		Debug|Any CPU = Debug|Any CPU
		Release|Any CPU = Release|Any CPU
	EndGlobalSection
	GlobalSection(ProjectConfigurationPlatforms) = postSolution
		{524A1ABC-D6A1-4FDE-9BAD-DEA27904A51C}.Debug|Any CPU.ActiveCfg = Debug|Any CPU
		{524A1ABC-D6A1-4FDE-9BAD-DEA27904A51C}.Debug|Any CPU.Build.0 = Debug|Any CPU
		{524A1ABC-D6A1-4FDE-9BAD-DEA27904A51C}.Release|Any CPU.ActiveCfg = Release|Any CPU
		{524A1ABC-D6A1-4FDE-9BAD-DEA27904A51C}.Release|Any CPU.Build.0 = Release|Any CPU
		{606D051C-CC24-4CB4-9ED6-8EE44B799116}.Debug|Any CPU.ActiveCfg = Debug|Any CPU
		{606D051C-CC24-4CB4-9ED6-8EE44B799116}.Debug|Any CPU.Build.0 = Debug|Any CPU
		{606D051C-CC24-4CB4-9ED6-8EE44B799116}.Release|Any CPU.ActiveCfg = Release|Any CPU
		{606D051C-CC24-4CB4-9ED6-8EE44B799116}.Release|Any CPU.Build.0 = Release|Any CPU
		{DE2EF773-0AAF-4E7A-9D38-DE344D93B7FA}.Debug|Any CPU.ActiveCfg = Debug|Any CPU
		{DE2EF773-0AAF-4E7A-9D38-DE344D93B7FA}.Debug|Any CPU.Build.0 = Debug|Any CPU
		{DE2EF773-0AAF-4E7A-9D38-DE344D93B7FA}.Release|Any CPU.ActiveCfg = Release|Any CPU
		{DE2EF773-0AAF-4E7A-9D38-DE344D93B7FA}.Release|Any CPU.Build.0 = Release|Any CPU
		{4CDC8811-D2FA-4CEF-8A81-E41819A95C32}.Debug|Any CPU.ActiveCfg = Debug|Any CPU
		{4CDC8811-D2FA-4CEF-8A81-E41819A95C32}.Debug|Any CPU.Build.0 = Debug|Any CPU
		{4CDC8811-D2FA-4CEF-8A81-E41819A95C32}.Release|Any CPU.ActiveCfg = Release|Any CPU
		{4CDC8811-D2FA-4CEF-8A81-E41819A95C32}.Release|Any CPU.Build.0 = Release|Any CPU
	EndGlobalSection
	GlobalSection(SolutionProperties) = preSolution
		HideSolutionNode = FALSE
	EndGlobalSection
	GlobalSection(ExtensibilityGlobals) = postSolution
		SolutionGuid = {66BAB27C-B8B2-4CD7-A904-B2EAEC242D1F}
	EndGlobalSection
EndGlobal
